
Microsoft Visual Studio Solution File, Format Version 12.00
# Visual Studio Version 17
VisualStudioVersion = 17.0.31903.59
MinimumVisualStudioVersion = 10.0.40219.1
Project("{2150E333-8FDC-42A3-9474-1A3956D46DE8}") = "src", "src", "{D743BA72-5B53-4DE5-AA8C-99D389303831}"
EndProject
Project("{2150E333-8FDC-42A3-9474-1A3956D46DE8}") = "services", "services", "{B08FA05C-A088-4A21-AD01-DE3B9BFA159F}"
EndProject
Project("{2150E333-8FDC-42A3-9474-1A3956D46DE8}") = "Identity", "Identity", "{9E3532F4-1281-456F-8570-1671A70BC1C4}"
EndProject
Project("{FAE04EC0-301F-11D3-BF4B-00C04F79EFBC}") = "Identity.API", "src\services\Identity\Identity.API\Identity.API.csproj", "{03485FF8-60B3-4DDB-9AF8-DC3E6453D393}"
EndProject
Project("{FAE04EC0-301F-11D3-BF4B-00C04F79EFBC}") = "Identity.Domain", "src\services\Identity\Identity.Domain\Identity.Domain.csproj", "{BA9B444A-5CDF-4F79-9D37-06C230CC64E9}"
EndProject
Project("{FAE04EC0-301F-11D3-BF4B-00C04F79EFBC}") = "Identity.Application", "src\services\Identity\Identity.Application\Identity.Application.csproj", "{AE3C99D1-5BBF-4D5D-A074-46E88E0F5F0E}"
EndProject
Project("{FAE04EC0-301F-11D3-BF4B-00C04F79EFBC}") = "Identity.Infrastructure", "src\services\Identity\Identity.Infrastructure\Identity.Infrastructure.csproj", "{C981D072-2BD6-4E84-9614-1FFB9197717A}"
EndProject
Project("{2150E333-8FDC-42A3-9474-1A3956D46DE8}") = "Profile", "Profile", "{CCE4BB9C-A4FA-4B7F-99BC-44BFFEA9F18B}"
EndProject
Project("{FAE04EC0-301F-11D3-BF4B-00C04F79EFBC}") = "Profile.API", "src\services\Profile\Profile.API\Profile.API.csproj", "{D72C2C52-EAF6-478B-BB8C-F9C15342070D}"
EndProject
Project("{FAE04EC0-301F-11D3-BF4B-00C04F79EFBC}") = "Profile.Domain", "src\services\Profile\Profile.Domain\Profile.Domain.csproj", "{46A82492-F834-4518-93C2-EB4F6603431B}"
EndProject
Project("{FAE04EC0-301F-11D3-BF4B-00C04F79EFBC}") = "Profile.Application", "src\services\Profile\Profile.Application\Profile.Application.csproj", "{35FC4CE9-3E8D-48A0-9B8D-71F03AD0C6BD}"
EndProject
Project("{FAE04EC0-301F-11D3-BF4B-00C04F79EFBC}") = "Profile.Infrastructure", "src\services\Profile\Profile.Infrastructure\Profile.Infrastructure.csproj", "{C4FA2BB8-24B5-4284-844B-45398B3A53DA}"
EndProject
Project("{2150E333-8FDC-42A3-9474-1A3956D46DE8}") = "Social", "Social", "{5CC39641-1F7A-4444-91E9-6E5E59DE927D}"
EndProject
Project("{FAE04EC0-301F-11D3-BF4B-00C04F79EFBC}") = "Social.API", "src\services\Social\Social.API\Social.API.csproj", "{26558068-2EFF-4916-B1A4-B4EDD9D6ADA1}"
EndProject
Project("{FAE04EC0-301F-11D3-BF4B-00C04F79EFBC}") = "Social.Domain", "src\services\Social\Social.Domain\Social.Domain.csproj", "{201CE13A-CBA6-497A-B01B-ED45D5BE027F}"
EndProject
Project("{FAE04EC0-301F-11D3-BF4B-00C04F79EFBC}") = "Social.Application", "src\services\Social\Social.Application\Social.Application.csproj", "{7A9BA391-6CBE-40F6-B65E-F764EE566731}"
EndProject
Project("{FAE04EC0-301F-11D3-BF4B-00C04F79EFBC}") = "Social.Infrastructure", "src\services\Social\Social.Infrastructure\Social.Infrastructure.csproj", "{BE04C38F-A1F0-4F41-BB25-CB865E477331}"
EndProject
Project("{2150E333-8FDC-42A3-9474-1A3956D46DE8}") = "Content", "Content", "{5AFE07AF-777D-4E9D-A9D5-88897F3A8E0F}"
EndProject
Project("{FAE04EC0-301F-11D3-BF4B-00C04F79EFBC}") = "Content.API", "src\services\Content\Content.API\Content.API.csproj", "{4B0825EC-5D6D-4EEF-97DA-0F5A3380A29F}"
EndProject
Project("{FAE04EC0-301F-11D3-BF4B-00C04F79EFBC}") = "Content.Domain", "src\services\Content\Content.Domain\Content.Domain.csproj", "{7E9B5BBC-E56E-4B3C-8022-356D60BD30AC}"
EndProject
Project("{FAE04EC0-301F-11D3-BF4B-00C04F79EFBC}") = "Content.Application", "src\services\Content\Content.Application\Content.Application.csproj", "{202BADBF-7713-4F7A-841F-2F52698FA39C}"
EndProject
Project("{FAE04EC0-301F-11D3-BF4B-00C04F79EFBC}") = "Content.Infrastructure", "src\services\Content\Content.Infrastructure\Content.Infrastructure.csproj", "{52CA1252-8FE7-4E83-A9D3-2A7BE643BE4D}"
EndProject
Project("{2150E333-8FDC-42A3-9474-1A3956D46DE8}") = "Feed", "Feed", "{E5B719D4-0A29-4843-A26A-07D448704A4B}"
EndProject
Project("{FAE04EC0-301F-11D3-BF4B-00C04F79EFBC}") = "Feed.API", "src\services\Feed\Feed.API\Feed.API.csproj", "{A00986C7-9D76-40C7-AAB8-8244441DB45F}"
EndProject
Project("{FAE04EC0-301F-11D3-BF4B-00C04F79EFBC}") = "Feed.Domain", "src\services\Feed\Feed.Domain\Feed.Domain.csproj", "{A78781D3-C6CC-4B2A-9D5D-ECCECD26720D}"
EndProject
Project("{FAE04EC0-301F-11D3-BF4B-00C04F79EFBC}") = "Feed.Application", "src\services\Feed\Feed.Application\Feed.Application.csproj", "{B593543C-FE65-460A-86CF-79C95B8AB68D}"
EndProject
Project("{FAE04EC0-301F-11D3-BF4B-00C04F79EFBC}") = "Feed.Infrastructure", "src\services\Feed\Feed.Infrastructure\Feed.Infrastructure.csproj", "{251169DB-FF9C-43C2-A3A7-E9E9BD85B415}"
EndProject
Project("{2150E333-8FDC-42A3-9474-1A3956D46DE8}") = "Notification", "Notification", "{5AA94E1D-13DE-4541-905A-A63FF8C3432E}"
EndProject
Project("{FAE04EC0-301F-11D3-BF4B-00C04F79EFBC}") = "Notification.API", "src\services\Notification\Notification.API\Notification.API.csproj", "{00A65739-8FFE-45E8-8E70-C7E5E3A09285}"
EndProject
Project("{FAE04EC0-301F-11D3-BF4B-00C04F79EFBC}") = "Notification.Domain", "src\services\Notification\Notification.Domain\Notification.Domain.csproj", "{C2B47C31-DDE0-4C82-BC61-89F880CAA057}"
EndProject
Project("{FAE04EC0-301F-11D3-BF4B-00C04F79EFBC}") = "Notification.Application", "src\services\Notification\Notification.Application\Notification.Application.csproj", "{F501FD36-A2E7-4458-8B14-4E06E0F3B729}"
EndProject
Project("{FAE04EC0-301F-11D3-BF4B-00C04F79EFBC}") = "Notification.Infrastructure", "src\services\Notification\Notification.Infrastructure\Notification.Infrastructure.csproj", "{5E8FC095-52A8-455F-81A3-46CB9A452E73}"
EndProject
Project("{2150E333-8FDC-42A3-9474-1A3956D46DE8}") = "Chat", "Chat", "{82DF74B9-7835-45B4-A0EC-17FAAC7C7F16}"
EndProject
Project("{FAE04EC0-301F-11D3-BF4B-00C04F79EFBC}") = "Chat.API", "src\services\Chat\Chat.API\Chat.API.csproj", "{5C70E519-AE1D-41BC-A009-1AE5368EF15F}"
EndProject
Project("{FAE04EC0-301F-11D3-BF4B-00C04F79EFBC}") = "Chat.Domain", "src\services\Chat\Chat.Domain\Chat.Domain.csproj", "{911A62E8-959D-42AB-8422-232ADA24ECC6}"
EndProject
Project("{FAE04EC0-301F-11D3-BF4B-00C04F79EFBC}") = "Chat.Application", "src\services\Chat\Chat.Application\Chat.Application.csproj", "{9C51EEA8-3B8D-4D8E-81D0-A42A12A9648E}"
EndProject
Project("{FAE04EC0-301F-11D3-BF4B-00C04F79EFBC}") = "Chat.Infrastructure", "src\services\Chat\Chat.Infrastructure\Chat.Infrastructure.csproj", "{6BA5FFAB-0A23-4CDF-AACF-49CA19097A83}"
EndProject
Project("{2150E333-8FDC-42A3-9474-1A3956D46DE8}") = "Media", "Media", "{28DF9418-156A-43A8-87C2-4D1173347DB2}"
EndProject
Project("{FAE04EC0-301F-11D3-BF4B-00C04F79EFBC}") = "Media.API", "src\services\Media\Media.API\Media.API.csproj", "{E0381433-3988-48DF-90E9-DD970BCAC9DD}"
EndProject
Project("{FAE04EC0-301F-11D3-BF4B-00C04F79EFBC}") = "Media.Domain", "src\services\Media\Media.Domain\Media.Domain.csproj", "{3AA18769-5D10-479A-976F-80EA87619554}"
EndProject
Project("{FAE04EC0-301F-11D3-BF4B-00C04F79EFBC}") = "Media.Application", "src\services\Media\Media.Application\Media.Application.csproj", "{9093DD60-56FA-48D1-94B9-0F07E9184E3A}"
EndProject
Project("{FAE04EC0-301F-11D3-BF4B-00C04F79EFBC}") = "Media.Infrastructure", "src\services\Media\Media.Infrastructure\Media.Infrastructure.csproj", "{9D0670AA-B96F-4A6C-8C94-6ECF12ACA901}"
EndProject
Project("{2150E333-8FDC-42A3-9474-1A3956D46DE8}") = "Search", "Search", "{A5FA8635-5D09-4255-9A7B-CCD950DBD586}"
EndProject
Project("{FAE04EC0-301F-11D3-BF4B-00C04F79EFBC}") = "Search.API", "src\services\Search\Search.API\Search.API.csproj", "{1C0A16C1-D6BC-471E-981B-529FF20580ED}"
EndProject
Project("{FAE04EC0-301F-11D3-BF4B-00C04F79EFBC}") = "Search.Domain", "src\services\Search\Search.Domain\Search.Domain.csproj", "{248E4DDE-6427-4F80-B34D-CF66BCF49A85}"
EndProject
Project("{FAE04EC0-301F-11D3-BF4B-00C04F79EFBC}") = "Search.Infrastructure", "src\services\Search\Search.Infrastructure\Search.Infrastructure.csproj", "{AE24B877-4F58-4F23-805A-79A0D6D2AC70}"
EndProject
Project("{FAE04EC0-301F-11D3-BF4B-00C04F79EFBC}") = "Search.Application", "src\services\Search\Search.Application\Search.Application.csproj", "{BC4F2991-7E38-47EF-B66D-9C2BE810440F}"
EndProject
Project("{2150E333-8FDC-42A3-9474-1A3956D46DE8}") = "Moderation", "Moderation", "{07C3E4CA-E9ED-471D-97A7-8FEAF4F9CD96}"
EndProject
Project("{FAE04EC0-301F-11D3-BF4B-00C04F79EFBC}") = "Moderation.API", "src\services\Moderation\Moderation.API\Moderation.API.csproj", "{50641EC4-1508-47BE-B316-11ADF03DF2E8}"
EndProject
Project("{FAE04EC0-301F-11D3-BF4B-00C04F79EFBC}") = "Moderation.Domain", "src\services\Moderation\Moderation.Domain\Moderation.Domain.csproj", "{AF766AB0-0DE9-4464-BEC5-64E9E3A982DE}"
EndProject
Project("{FAE04EC0-301F-11D3-BF4B-00C04F79EFBC}") = "Moderation.Application", "src\services\Moderation\Moderation.Application\Moderation.Application.csproj", "{D31B2300-EFC0-4D63-8AA4-35142BEF7D90}"
EndProject
Project("{FAE04EC0-301F-11D3-BF4B-00C04F79EFBC}") = "Moderation.Infrastructure", "src\services\Moderation\Moderation.Infrastructure\Moderation.Infrastructure.csproj", "{21D92765-B2CD-4C89-BD97-9BC06486F230}"
EndProject
Project("{2150E333-8FDC-42A3-9474-1A3956D46DE8}") = "Analytics", "Analytics", "{26B10D3E-943A-4585-AA34-F57BEBD71606}"
EndProject
Project("{FAE04EC0-301F-11D3-BF4B-00C04F79EFBC}") = "Analytics.Domain", "src\services\Analytics\Analytics.Domain\Analytics.Domain.csproj", "{031165F6-82D3-4167-8B29-39A587EC700D}"
EndProject
Project("{FAE04EC0-301F-11D3-BF4B-00C04F79EFBC}") = "Analytics.Application", "src\services\Analytics\Analytics.Application\Analytics.Application.csproj", "{5D3D3489-9DB8-44AB-B26E-66E39D481496}"
EndProject
Project("{FAE04EC0-301F-11D3-BF4B-00C04F79EFBC}") = "Analytics.Infrastructure", "src\services\Analytics\Analytics.Infrastructure\Analytics.Infrastructure.csproj", "{91856E22-CD47-479D-AE86-0BD22EBEF1C7}"
EndProject
Project("{FAE04EC0-301F-11D3-BF4B-00C04F79EFBC}") = "Analytics.API", "src\services\Analytics\Analytics.API\Analytics.API.csproj", "{2B30010D-87EC-4878-90F5-208B5F60C8D7}"
EndProject
Project("{2150E333-8FDC-42A3-9474-1A3956D46DE8}") = "Admin", "Admin", "{8A648E7C-CAA4-4E08-B718-404E677403AF}"
EndProject
Project("{FAE04EC0-301F-11D3-BF4B-00C04F79EFBC}") = "Admin.API", "src\services\Admin\Admin.API\Admin.API.csproj", "{1E2F23A9-45AB-4108-8779-01EDA451DA49}"
EndProject
Project("{FAE04EC0-301F-11D3-BF4B-00C04F79EFBC}") = "Admin.Domain", "src\services\Admin\Admin.Domain\Admin.Domain.csproj", "{BDF93EB0-751F-4006-974E-34BF9E665A64}"
EndProject
Project("{FAE04EC0-301F-11D3-BF4B-00C04F79EFBC}") = "Admin.Application", "src\services\Admin\Admin.Application\Admin.Application.csproj", "{03F84791-EFA7-4791-B045-62BDB9D256B9}"
EndProject
Project("{FAE04EC0-301F-11D3-BF4B-00C04F79EFBC}") = "Admin.Infrastructure", "src\services\Admin\Admin.Infrastructure\Admin.Infrastructure.csproj", "{55CFEACA-076B-4EA9-BE40-6E3D609FE4B9}"
EndProject
Project("{2150E333-8FDC-42A3-9474-1A3956D46DE8}") = "ApiGateway", "ApiGateway", "{73AC0187-BA7E-450E-9619-70000F8FCC65}"
EndProject
Project("{FAE04EC0-301F-11D3-BF4B-00C04F79EFBC}") = "Gateway.API", "src\ApiGateway\Gateway.API\Gateway.API.csproj", "{E1EF076C-58FA-4628-8D66-FD676C548D66}"
EndProject
Project("{FAE04EC0-301F-11D3-BF4B-00C04F79EFBC}") = "Gateway.Configuration", "src\ApiGateway\Gateway.Configuration\Gateway.Configuration.csproj", "{3C25052D-2515-474E-AA04-121CC0766BF8}"
EndProject
Project("{FAE04EC0-301F-11D3-BF4B-00C04F79EFBC}") = "Gateway.Middleware", "src\ApiGateway\Gateway.Middleware\Gateway.Middleware.csproj", "{20934428-4F3D-494B-A981-0E0385A5A1F5}"
EndProject
Global
	GlobalSection(SolutionConfigurationPlatforms) = preSolution
		Debug|Any CPU = Debug|Any CPU
		Release|Any CPU = Release|Any CPU
	EndGlobalSection
	GlobalSection(SolutionProperties) = preSolution
		HideSolutionNode = FALSE
	EndGlobalSection
	GlobalSection(ProjectConfigurationPlatforms) = postSolution
		{03485FF8-60B3-4DDB-9AF8-DC3E6453D393}.Debug|Any CPU.ActiveCfg = Debug|Any CPU
		{03485FF8-60B3-4DDB-9AF8-DC3E6453D393}.Debug|Any CPU.Build.0 = Debug|Any CPU
		{03485FF8-60B3-4DDB-9AF8-DC3E6453D393}.Release|Any CPU.ActiveCfg = Release|Any CPU
		{03485FF8-60B3-4DDB-9AF8-DC3E6453D393}.Release|Any CPU.Build.0 = Release|Any CPU
		{BA9B444A-5CDF-4F79-9D37-06C230CC64E9}.Debug|Any CPU.ActiveCfg = Debug|Any CPU
		{BA9B444A-5CDF-4F79-9D37-06C230CC64E9}.Debug|Any CPU.Build.0 = Debug|Any CPU
		{BA9B444A-5CDF-4F79-9D37-06C230CC64E9}.Release|Any CPU.ActiveCfg = Release|Any CPU
		{BA9B444A-5CDF-4F79-9D37-06C230CC64E9}.Release|Any CPU.Build.0 = Release|Any CPU
		{AE3C99D1-5BBF-4D5D-A074-46E88E0F5F0E}.Debug|Any CPU.ActiveCfg = Debug|Any CPU
		{AE3C99D1-5BBF-4D5D-A074-46E88E0F5F0E}.Debug|Any CPU.Build.0 = Debug|Any CPU
		{AE3C99D1-5BBF-4D5D-A074-46E88E0F5F0E}.Release|Any CPU.ActiveCfg = Release|Any CPU
		{AE3C99D1-5BBF-4D5D-A074-46E88E0F5F0E}.Release|Any CPU.Build.0 = Release|Any CPU
		{C981D072-2BD6-4E84-9614-1FFB9197717A}.Debug|Any CPU.ActiveCfg = Debug|Any CPU
		{C981D072-2BD6-4E84-9614-1FFB9197717A}.Debug|Any CPU.Build.0 = Debug|Any CPU
		{C981D072-2BD6-4E84-9614-1FFB9197717A}.Release|Any CPU.ActiveCfg = Release|Any CPU
		{C981D072-2BD6-4E84-9614-1FFB9197717A}.Release|Any CPU.Build.0 = Release|Any CPU
		{D72C2C52-EAF6-478B-BB8C-F9C15342070D}.Debug|Any CPU.ActiveCfg = Debug|Any CPU
		{D72C2C52-EAF6-478B-BB8C-F9C15342070D}.Debug|Any CPU.Build.0 = Debug|Any CPU
		{D72C2C52-EAF6-478B-BB8C-F9C15342070D}.Release|Any CPU.ActiveCfg = Release|Any CPU
		{D72C2C52-EAF6-478B-BB8C-F9C15342070D}.Release|Any CPU.Build.0 = Release|Any CPU
		{46A82492-F834-4518-93C2-EB4F6603431B}.Debug|Any CPU.ActiveCfg = Debug|Any CPU
		{46A82492-F834-4518-93C2-EB4F6603431B}.Debug|Any CPU.Build.0 = Debug|Any CPU
		{46A82492-F834-4518-93C2-EB4F6603431B}.Release|Any CPU.ActiveCfg = Release|Any CPU
		{46A82492-F834-4518-93C2-EB4F6603431B}.Release|Any CPU.Build.0 = Release|Any CPU
		{35FC4CE9-3E8D-48A0-9B8D-71F03AD0C6BD}.Debug|Any CPU.ActiveCfg = Debug|Any CPU
		{35FC4CE9-3E8D-48A0-9B8D-71F03AD0C6BD}.Debug|Any CPU.Build.0 = Debug|Any CPU
		{35FC4CE9-3E8D-48A0-9B8D-71F03AD0C6BD}.Release|Any CPU.ActiveCfg = Release|Any CPU
		{35FC4CE9-3E8D-48A0-9B8D-71F03AD0C6BD}.Release|Any CPU.Build.0 = Release|Any CPU
		{C4FA2BB8-24B5-4284-844B-45398B3A53DA}.Debug|Any CPU.ActiveCfg = Debug|Any CPU
		{C4FA2BB8-24B5-4284-844B-45398B3A53DA}.Debug|Any CPU.Build.0 = Debug|Any CPU
		{C4FA2BB8-24B5-4284-844B-45398B3A53DA}.Release|Any CPU.ActiveCfg = Release|Any CPU
		{C4FA2BB8-24B5-4284-844B-45398B3A53DA}.Release|Any CPU.Build.0 = Release|Any CPU
		{26558068-2EFF-4916-B1A4-B4EDD9D6ADA1}.Debug|Any CPU.ActiveCfg = Debug|Any CPU
		{26558068-2EFF-4916-B1A4-B4EDD9D6ADA1}.Debug|Any CPU.Build.0 = Debug|Any CPU
		{26558068-2EFF-4916-B1A4-B4EDD9D6ADA1}.Release|Any CPU.ActiveCfg = Release|Any CPU
		{26558068-2EFF-4916-B1A4-B4EDD9D6ADA1}.Release|Any CPU.Build.0 = Release|Any CPU
		{201CE13A-CBA6-497A-B01B-ED45D5BE027F}.Debug|Any CPU.ActiveCfg = Debug|Any CPU
		{201CE13A-CBA6-497A-B01B-ED45D5BE027F}.Debug|Any CPU.Build.0 = Debug|Any CPU
		{201CE13A-CBA6-497A-B01B-ED45D5BE027F}.Release|Any CPU.ActiveCfg = Release|Any CPU
		{201CE13A-CBA6-497A-B01B-ED45D5BE027F}.Release|Any CPU.Build.0 = Release|Any CPU
		{7A9BA391-6CBE-40F6-B65E-F764EE566731}.Debug|Any CPU.ActiveCfg = Debug|Any CPU
		{7A9BA391-6CBE-40F6-B65E-F764EE566731}.Debug|Any CPU.Build.0 = Debug|Any CPU
		{7A9BA391-6CBE-40F6-B65E-F764EE566731}.Release|Any CPU.ActiveCfg = Release|Any CPU
		{7A9BA391-6CBE-40F6-B65E-F764EE566731}.Release|Any CPU.Build.0 = Release|Any CPU
		{BE04C38F-A1F0-4F41-BB25-CB865E477331}.Debug|Any CPU.ActiveCfg = Debug|Any CPU
		{BE04C38F-A1F0-4F41-BB25-CB865E477331}.Debug|Any CPU.Build.0 = Debug|Any CPU
		{BE04C38F-A1F0-4F41-BB25-CB865E477331}.Release|Any CPU.ActiveCfg = Release|Any CPU
		{BE04C38F-A1F0-4F41-BB25-CB865E477331}.Release|Any CPU.Build.0 = Release|Any CPU
		{4B0825EC-5D6D-4EEF-97DA-0F5A3380A29F}.Debug|Any CPU.ActiveCfg = Debug|Any CPU
		{4B0825EC-5D6D-4EEF-97DA-0F5A3380A29F}.Debug|Any CPU.Build.0 = Debug|Any CPU
		{4B0825EC-5D6D-4EEF-97DA-0F5A3380A29F}.Release|Any CPU.ActiveCfg = Release|Any CPU
		{4B0825EC-5D6D-4EEF-97DA-0F5A3380A29F}.Release|Any CPU.Build.0 = Release|Any CPU
		{7E9B5BBC-E56E-4B3C-8022-356D60BD30AC}.Debug|Any CPU.ActiveCfg = Debug|Any CPU
		{7E9B5BBC-E56E-4B3C-8022-356D60BD30AC}.Debug|Any CPU.Build.0 = Debug|Any CPU
		{7E9B5BBC-E56E-4B3C-8022-356D60BD30AC}.Release|Any CPU.ActiveCfg = Release|Any CPU
		{7E9B5BBC-E56E-4B3C-8022-356D60BD30AC}.Release|Any CPU.Build.0 = Release|Any CPU
		{202BADBF-7713-4F7A-841F-2F52698FA39C}.Debug|Any CPU.ActiveCfg = Debug|Any CPU
		{202BADBF-7713-4F7A-841F-2F52698FA39C}.Debug|Any CPU.Build.0 = Debug|Any CPU
		{202BADBF-7713-4F7A-841F-2F52698FA39C}.Release|Any CPU.ActiveCfg = Release|Any CPU
		{202BADBF-7713-4F7A-841F-2F52698FA39C}.Release|Any CPU.Build.0 = Release|Any CPU
		{52CA1252-8FE7-4E83-A9D3-2A7BE643BE4D}.Debug|Any CPU.ActiveCfg = Debug|Any CPU
		{52CA1252-8FE7-4E83-A9D3-2A7BE643BE4D}.Debug|Any CPU.Build.0 = Debug|Any CPU
		{52CA1252-8FE7-4E83-A9D3-2A7BE643BE4D}.Release|Any CPU.ActiveCfg = Release|Any CPU
		{52CA1252-8FE7-4E83-A9D3-2A7BE643BE4D}.Release|Any CPU.Build.0 = Release|Any CPU
		{A00986C7-9D76-40C7-AAB8-8244441DB45F}.Debug|Any CPU.ActiveCfg = Debug|Any CPU
		{A00986C7-9D76-40C7-AAB8-8244441DB45F}.Debug|Any CPU.Build.0 = Debug|Any CPU
		{A00986C7-9D76-40C7-AAB8-8244441DB45F}.Release|Any CPU.ActiveCfg = Release|Any CPU
		{A00986C7-9D76-40C7-AAB8-8244441DB45F}.Release|Any CPU.Build.0 = Release|Any CPU
		{A78781D3-C6CC-4B2A-9D5D-ECCECD26720D}.Debug|Any CPU.ActiveCfg = Debug|Any CPU
		{A78781D3-C6CC-4B2A-9D5D-ECCECD26720D}.Debug|Any CPU.Build.0 = Debug|Any CPU
		{A78781D3-C6CC-4B2A-9D5D-ECCECD26720D}.Release|Any CPU.ActiveCfg = Release|Any CPU
		{A78781D3-C6CC-4B2A-9D5D-ECCECD26720D}.Release|Any CPU.Build.0 = Release|Any CPU
		{B593543C-FE65-460A-86CF-79C95B8AB68D}.Debug|Any CPU.ActiveCfg = Debug|Any CPU
		{B593543C-FE65-460A-86CF-79C95B8AB68D}.Debug|Any CPU.Build.0 = Debug|Any CPU
		{B593543C-FE65-460A-86CF-79C95B8AB68D}.Release|Any CPU.ActiveCfg = Release|Any CPU
		{B593543C-FE65-460A-86CF-79C95B8AB68D}.Release|Any CPU.Build.0 = Release|Any CPU
		{251169DB-FF9C-43C2-A3A7-E9E9BD85B415}.Debug|Any CPU.ActiveCfg = Debug|Any CPU
		{251169DB-FF9C-43C2-A3A7-E9E9BD85B415}.Debug|Any CPU.Build.0 = Debug|Any CPU
		{251169DB-FF9C-43C2-A3A7-E9E9BD85B415}.Release|Any CPU.ActiveCfg = Release|Any CPU
		{251169DB-FF9C-43C2-A3A7-E9E9BD85B415}.Release|Any CPU.Build.0 = Release|Any CPU
		{00A65739-8FFE-45E8-8E70-C7E5E3A09285}.Debug|Any CPU.ActiveCfg = Debug|Any CPU
		{00A65739-8FFE-45E8-8E70-C7E5E3A09285}.Debug|Any CPU.Build.0 = Debug|Any CPU
		{00A65739-8FFE-45E8-8E70-C7E5E3A09285}.Release|Any CPU.ActiveCfg = Release|Any CPU
		{00A65739-8FFE-45E8-8E70-C7E5E3A09285}.Release|Any CPU.Build.0 = Release|Any CPU
		{C2B47C31-DDE0-4C82-BC61-89F880CAA057}.Debug|Any CPU.ActiveCfg = Debug|Any CPU
		{C2B47C31-DDE0-4C82-BC61-89F880CAA057}.Debug|Any CPU.Build.0 = Debug|Any CPU
		{C2B47C31-DDE0-4C82-BC61-89F880CAA057}.Release|Any CPU.ActiveCfg = Release|Any CPU
		{C2B47C31-DDE0-4C82-BC61-89F880CAA057}.Release|Any CPU.Build.0 = Release|Any CPU
		{F501FD36-A2E7-4458-8B14-4E06E0F3B729}.Debug|Any CPU.ActiveCfg = Debug|Any CPU
		{F501FD36-A2E7-4458-8B14-4E06E0F3B729}.Debug|Any CPU.Build.0 = Debug|Any CPU
		{F501FD36-A2E7-4458-8B14-4E06E0F3B729}.Release|Any CPU.ActiveCfg = Release|Any CPU
		{F501FD36-A2E7-4458-8B14-4E06E0F3B729}.Release|Any CPU.Build.0 = Release|Any CPU
		{5E8FC095-52A8-455F-81A3-46CB9A452E73}.Debug|Any CPU.ActiveCfg = Debug|Any CPU
		{5E8FC095-52A8-455F-81A3-46CB9A452E73}.Debug|Any CPU.Build.0 = Debug|Any CPU
		{5E8FC095-52A8-455F-81A3-46CB9A452E73}.Release|Any CPU.ActiveCfg = Release|Any CPU
		{5E8FC095-52A8-455F-81A3-46CB9A452E73}.Release|Any CPU.Build.0 = Release|Any CPU
		{5C70E519-AE1D-41BC-A009-1AE5368EF15F}.Debug|Any CPU.ActiveCfg = Debug|Any CPU
		{5C70E519-AE1D-41BC-A009-1AE5368EF15F}.Debug|Any CPU.Build.0 = Debug|Any CPU
		{5C70E519-AE1D-41BC-A009-1AE5368EF15F}.Release|Any CPU.ActiveCfg = Release|Any CPU
		{5C70E519-AE1D-41BC-A009-1AE5368EF15F}.Release|Any CPU.Build.0 = Release|Any CPU
		{911A62E8-959D-42AB-8422-232ADA24ECC6}.Debug|Any CPU.ActiveCfg = Debug|Any CPU
		{911A62E8-959D-42AB-8422-232ADA24ECC6}.Debug|Any CPU.Build.0 = Debug|Any CPU
		{911A62E8-959D-42AB-8422-232ADA24ECC6}.Release|Any CPU.ActiveCfg = Release|Any CPU
		{911A62E8-959D-42AB-8422-232ADA24ECC6}.Release|Any CPU.Build.0 = Release|Any CPU
		{9C51EEA8-3B8D-4D8E-81D0-A42A12A9648E}.Debug|Any CPU.ActiveCfg = Debug|Any CPU
		{9C51EEA8-3B8D-4D8E-81D0-A42A12A9648E}.Debug|Any CPU.Build.0 = Debug|Any CPU
		{9C51EEA8-3B8D-4D8E-81D0-A42A12A9648E}.Release|Any CPU.ActiveCfg = Release|Any CPU
		{9C51EEA8-3B8D-4D8E-81D0-A42A12A9648E}.Release|Any CPU.Build.0 = Release|Any CPU
		{6BA5FFAB-0A23-4CDF-AACF-49CA19097A83}.Debug|Any CPU.ActiveCfg = Debug|Any CPU
		{6BA5FFAB-0A23-4CDF-AACF-49CA19097A83}.Debug|Any CPU.Build.0 = Debug|Any CPU
		{6BA5FFAB-0A23-4CDF-AACF-49CA19097A83}.Release|Any CPU.ActiveCfg = Release|Any CPU
		{6BA5FFAB-0A23-4CDF-AACF-49CA19097A83}.Release|Any CPU.Build.0 = Release|Any CPU
		{E0381433-3988-48DF-90E9-DD970BCAC9DD}.Debug|Any CPU.ActiveCfg = Debug|Any CPU
		{E0381433-3988-48DF-90E9-DD970BCAC9DD}.Debug|Any CPU.Build.0 = Debug|Any CPU
		{E0381433-3988-48DF-90E9-DD970BCAC9DD}.Release|Any CPU.ActiveCfg = Release|Any CPU
		{E0381433-3988-48DF-90E9-DD970BCAC9DD}.Release|Any CPU.Build.0 = Release|Any CPU
		{3AA18769-5D10-479A-976F-80EA87619554}.Debug|Any CPU.ActiveCfg = Debug|Any CPU
		{3AA18769-5D10-479A-976F-80EA87619554}.Debug|Any CPU.Build.0 = Debug|Any CPU
		{3AA18769-5D10-479A-976F-80EA87619554}.Release|Any CPU.ActiveCfg = Release|Any CPU
		{3AA18769-5D10-479A-976F-80EA87619554}.Release|Any CPU.Build.0 = Release|Any CPU
		{9093DD60-56FA-48D1-94B9-0F07E9184E3A}.Debug|Any CPU.ActiveCfg = Debug|Any CPU
		{9093DD60-56FA-48D1-94B9-0F07E9184E3A}.Debug|Any CPU.Build.0 = Debug|Any CPU
		{9093DD60-56FA-48D1-94B9-0F07E9184E3A}.Release|Any CPU.ActiveCfg = Release|Any CPU
		{9093DD60-56FA-48D1-94B9-0F07E9184E3A}.Release|Any CPU.Build.0 = Release|Any CPU
		{9D0670AA-B96F-4A6C-8C94-6ECF12ACA901}.Debug|Any CPU.ActiveCfg = Debug|Any CPU
		{9D0670AA-B96F-4A6C-8C94-6ECF12ACA901}.Debug|Any CPU.Build.0 = Debug|Any CPU
		{9D0670AA-B96F-4A6C-8C94-6ECF12ACA901}.Release|Any CPU.ActiveCfg = Release|Any CPU
		{9D0670AA-B96F-4A6C-8C94-6ECF12ACA901}.Release|Any CPU.Build.0 = Release|Any CPU
		{1C0A16C1-D6BC-471E-981B-529FF20580ED}.Debug|Any CPU.ActiveCfg = Debug|Any CPU
		{1C0A16C1-D6BC-471E-981B-529FF20580ED}.Debug|Any CPU.Build.0 = Debug|Any CPU
		{1C0A16C1-D6BC-471E-981B-529FF20580ED}.Release|Any CPU.ActiveCfg = Release|Any CPU
		{1C0A16C1-D6BC-471E-981B-529FF20580ED}.Release|Any CPU.Build.0 = Release|Any CPU
		{248E4DDE-6427-4F80-B34D-CF66BCF49A85}.Debug|Any CPU.ActiveCfg = Debug|Any CPU
		{248E4DDE-6427-4F80-B34D-CF66BCF49A85}.Debug|Any CPU.Build.0 = Debug|Any CPU
		{248E4DDE-6427-4F80-B34D-CF66BCF49A85}.Release|Any CPU.ActiveCfg = Release|Any CPU
		{248E4DDE-6427-4F80-B34D-CF66BCF49A85}.Release|Any CPU.Build.0 = Release|Any CPU
		{AE24B877-4F58-4F23-805A-79A0D6D2AC70}.Debug|Any CPU.ActiveCfg = Debug|Any CPU
		{AE24B877-4F58-4F23-805A-79A0D6D2AC70}.Debug|Any CPU.Build.0 = Debug|Any CPU
		{AE24B877-4F58-4F23-805A-79A0D6D2AC70}.Release|Any CPU.ActiveCfg = Release|Any CPU
		{AE24B877-4F58-4F23-805A-79A0D6D2AC70}.Release|Any CPU.Build.0 = Release|Any CPU
		{BC4F2991-7E38-47EF-B66D-9C2BE810440F}.Debug|Any CPU.ActiveCfg = Debug|Any CPU
		{BC4F2991-7E38-47EF-B66D-9C2BE810440F}.Debug|Any CPU.Build.0 = Debug|Any CPU
		{BC4F2991-7E38-47EF-B66D-9C2BE810440F}.Release|Any CPU.ActiveCfg = Release|Any CPU
		{BC4F2991-7E38-47EF-B66D-9C2BE810440F}.Release|Any CPU.Build.0 = Release|Any CPU
		{50641EC4-1508-47BE-B316-11ADF03DF2E8}.Debug|Any CPU.ActiveCfg = Debug|Any CPU
		{50641EC4-1508-47BE-B316-11ADF03DF2E8}.Debug|Any CPU.Build.0 = Debug|Any CPU
		{50641EC4-1508-47BE-B316-11ADF03DF2E8}.Release|Any CPU.ActiveCfg = Release|Any CPU
		{50641EC4-1508-47BE-B316-11ADF03DF2E8}.Release|Any CPU.Build.0 = Release|Any CPU
		{AF766AB0-0DE9-4464-BEC5-64E9E3A982DE}.Debug|Any CPU.ActiveCfg = Debug|Any CPU
		{AF766AB0-0DE9-4464-BEC5-64E9E3A982DE}.Debug|Any CPU.Build.0 = Debug|Any CPU
		{AF766AB0-0DE9-4464-BEC5-64E9E3A982DE}.Release|Any CPU.ActiveCfg = Release|Any CPU
		{AF766AB0-0DE9-4464-BEC5-64E9E3A982DE}.Release|Any CPU.Build.0 = Release|Any CPU
		{D31B2300-EFC0-4D63-8AA4-35142BEF7D90}.Debug|Any CPU.ActiveCfg = Debug|Any CPU
		{D31B2300-EFC0-4D63-8AA4-35142BEF7D90}.Debug|Any CPU.Build.0 = Debug|Any CPU
		{D31B2300-EFC0-4D63-8AA4-35142BEF7D90}.Release|Any CPU.ActiveCfg = Release|Any CPU
		{D31B2300-EFC0-4D63-8AA4-35142BEF7D90}.Release|Any CPU.Build.0 = Release|Any CPU
		{21D92765-B2CD-4C89-BD97-9BC06486F230}.Debug|Any CPU.ActiveCfg = Debug|Any CPU
		{21D92765-B2CD-4C89-BD97-9BC06486F230}.Debug|Any CPU.Build.0 = Debug|Any CPU
		{21D92765-B2CD-4C89-BD97-9BC06486F230}.Release|Any CPU.ActiveCfg = Release|Any CPU
		{21D92765-B2CD-4C89-BD97-9BC06486F230}.Release|Any CPU.Build.0 = Release|Any CPU
		{031165F6-82D3-4167-8B29-39A587EC700D}.Debug|Any CPU.ActiveCfg = Debug|Any CPU
		{031165F6-82D3-4167-8B29-39A587EC700D}.Debug|Any CPU.Build.0 = Debug|Any CPU
		{031165F6-82D3-4167-8B29-39A587EC700D}.Release|Any CPU.ActiveCfg = Release|Any CPU
		{031165F6-82D3-4167-8B29-39A587EC700D}.Release|Any CPU.Build.0 = Release|Any CPU
		{5D3D3489-9DB8-44AB-B26E-66E39D481496}.Debug|Any CPU.ActiveCfg = Debug|Any CPU
		{5D3D3489-9DB8-44AB-B26E-66E39D481496}.Debug|Any CPU.Build.0 = Debug|Any CPU
		{5D3D3489-9DB8-44AB-B26E-66E39D481496}.Release|Any CPU.ActiveCfg = Release|Any CPU
		{5D3D3489-9DB8-44AB-B26E-66E39D481496}.Release|Any CPU.Build.0 = Release|Any CPU
		{91856E22-CD47-479D-AE86-0BD22EBEF1C7}.Debug|Any CPU.ActiveCfg = Debug|Any CPU
		{91856E22-CD47-479D-AE86-0BD22EBEF1C7}.Debug|Any CPU.Build.0 = Debug|Any CPU
		{91856E22-CD47-479D-AE86-0BD22EBEF1C7}.Release|Any CPU.ActiveCfg = Release|Any CPU
		{91856E22-CD47-479D-AE86-0BD22EBEF1C7}.Release|Any CPU.Build.0 = Release|Any CPU
		{2B30010D-87EC-4878-90F5-208B5F60C8D7}.Debug|Any CPU.ActiveCfg = Debug|Any CPU
		{2B30010D-87EC-4878-90F5-208B5F60C8D7}.Debug|Any CPU.Build.0 = Debug|Any CPU
		{2B30010D-87EC-4878-90F5-208B5F60C8D7}.Release|Any CPU.ActiveCfg = Release|Any CPU
		{2B30010D-87EC-4878-90F5-208B5F60C8D7}.Release|Any CPU.Build.0 = Release|Any CPU
		{1E2F23A9-45AB-4108-8779-01EDA451DA49}.Debug|Any CPU.ActiveCfg = Debug|Any CPU
		{1E2F23A9-45AB-4108-8779-01EDA451DA49}.Debug|Any CPU.Build.0 = Debug|Any CPU
		{1E2F23A9-45AB-4108-8779-01EDA451DA49}.Release|Any CPU.ActiveCfg = Release|Any CPU
		{1E2F23A9-45AB-4108-8779-01EDA451DA49}.Release|Any CPU.Build.0 = Release|Any CPU
		{BDF93EB0-751F-4006-974E-34BF9E665A64}.Debug|Any CPU.ActiveCfg = Debug|Any CPU
		{BDF93EB0-751F-4006-974E-34BF9E665A64}.Debug|Any CPU.Build.0 = Debug|Any CPU
		{BDF93EB0-751F-4006-974E-34BF9E665A64}.Release|Any CPU.ActiveCfg = Release|Any CPU
		{BDF93EB0-751F-4006-974E-34BF9E665A64}.Release|Any CPU.Build.0 = Release|Any CPU
		{03F84791-EFA7-4791-B045-62BDB9D256B9}.Debug|Any CPU.ActiveCfg = Debug|Any CPU
		{03F84791-EFA7-4791-B045-62BDB9D256B9}.Debug|Any CPU.Build.0 = Debug|Any CPU
		{03F84791-EFA7-4791-B045-62BDB9D256B9}.Release|Any CPU.ActiveCfg = Release|Any CPU
		{03F84791-EFA7-4791-B045-62BDB9D256B9}.Release|Any CPU.Build.0 = Release|Any CPU
		{55CFEACA-076B-4EA9-BE40-6E3D609FE4B9}.Debug|Any CPU.ActiveCfg = Debug|Any CPU
		{55CFEACA-076B-4EA9-BE40-6E3D609FE4B9}.Debug|Any CPU.Build.0 = Debug|Any CPU
		{55CFEACA-076B-4EA9-BE40-6E3D609FE4B9}.Release|Any CPU.ActiveCfg = Release|Any CPU
		{55CFEACA-076B-4EA9-BE40-6E3D609FE4B9}.Release|Any CPU.Build.0 = Release|Any CPU
		{E1EF076C-58FA-4628-8D66-FD676C548D66}.Debug|Any CPU.ActiveCfg = Debug|Any CPU
		{E1EF076C-58FA-4628-8D66-FD676C548D66}.Debug|Any CPU.Build.0 = Debug|Any CPU
		{E1EF076C-58FA-4628-8D66-FD676C548D66}.Release|Any CPU.ActiveCfg = Release|Any CPU
		{E1EF076C-58FA-4628-8D66-FD676C548D66}.Release|Any CPU.Build.0 = Release|Any CPU
		{3C25052D-2515-474E-AA04-121CC0766BF8}.Debug|Any CPU.ActiveCfg = Debug|Any CPU
		{3C25052D-2515-474E-AA04-121CC0766BF8}.Debug|Any CPU.Build.0 = Debug|Any CPU
		{3C25052D-2515-474E-AA04-121CC0766BF8}.Release|Any CPU.ActiveCfg = Release|Any CPU
		{3C25052D-2515-474E-AA04-121CC0766BF8}.Release|Any CPU.Build.0 = Release|Any CPU
		{20934428-4F3D-494B-A981-0E0385A5A1F5}.Debug|Any CPU.ActiveCfg = Debug|Any CPU
		{20934428-4F3D-494B-A981-0E0385A5A1F5}.Debug|Any CPU.Build.0 = Debug|Any CPU
		{20934428-4F3D-494B-A981-0E0385A5A1F5}.Release|Any CPU.ActiveCfg = Release|Any CPU
		{20934428-4F3D-494B-A981-0E0385A5A1F5}.Release|Any CPU.Build.0 = Release|Any CPU
	EndGlobalSection
	GlobalSection(NestedProjects) = preSolution
		{B08FA05C-A088-4A21-AD01-DE3B9BFA159F} = {D743BA72-5B53-4DE5-AA8C-99D389303831}
		{9E3532F4-1281-456F-8570-1671A70BC1C4} = {B08FA05C-A088-4A21-AD01-DE3B9BFA159F}
		{03485FF8-60B3-4DDB-9AF8-DC3E6453D393} = {9E3532F4-1281-456F-8570-1671A70BC1C4}
		{BA9B444A-5CDF-4F79-9D37-06C230CC64E9} = {9E3532F4-1281-456F-8570-1671A70BC1C4}
		{AE3C99D1-5BBF-4D5D-A074-46E88E0F5F0E} = {9E3532F4-1281-456F-8570-1671A70BC1C4}
		{C981D072-2BD6-4E84-9614-1FFB9197717A} = {9E3532F4-1281-456F-8570-1671A70BC1C4}
		{CCE4BB9C-A4FA-4B7F-99BC-44BFFEA9F18B} = {B08FA05C-A088-4A21-AD01-DE3B9BFA159F}
		{D72C2C52-EAF6-478B-BB8C-F9C15342070D} = {CCE4BB9C-A4FA-4B7F-99BC-44BFFEA9F18B}
		{46A82492-F834-4518-93C2-EB4F6603431B} = {CCE4BB9C-A4FA-4B7F-99BC-44BFFEA9F18B}
		{35FC4CE9-3E8D-48A0-9B8D-71F03AD0C6BD} = {CCE4BB9C-A4FA-4B7F-99BC-44BFFEA9F18B}
		{C4FA2BB8-24B5-4284-844B-45398B3A53DA} = {CCE4BB9C-A4FA-4B7F-99BC-44BFFEA9F18B}
		{5CC39641-1F7A-4444-91E9-6E5E59DE927D} = {B08FA05C-A088-4A21-AD01-DE3B9BFA159F}
		{26558068-2EFF-4916-B1A4-B4EDD9D6ADA1} = {5CC39641-1F7A-4444-91E9-6E5E59DE927D}
		{201CE13A-CBA6-497A-B01B-ED45D5BE027F} = {5CC39641-1F7A-4444-91E9-6E5E59DE927D}
		{7A9BA391-6CBE-40F6-B65E-F764EE566731} = {5CC39641-1F7A-4444-91E9-6E5E59DE927D}
		{BE04C38F-A1F0-4F41-BB25-CB865E477331} = {5CC39641-1F7A-4444-91E9-6E5E59DE927D}
		{5AFE07AF-777D-4E9D-A9D5-88897F3A8E0F} = {B08FA05C-A088-4A21-AD01-DE3B9BFA159F}
		{4B0825EC-5D6D-4EEF-97DA-0F5A3380A29F} = {5AFE07AF-777D-4E9D-A9D5-88897F3A8E0F}
		{7E9B5BBC-E56E-4B3C-8022-356D60BD30AC} = {5AFE07AF-777D-4E9D-A9D5-88897F3A8E0F}
		{202BADBF-7713-4F7A-841F-2F52698FA39C} = {5AFE07AF-777D-4E9D-A9D5-88897F3A8E0F}
		{52CA1252-8FE7-4E83-A9D3-2A7BE643BE4D} = {5AFE07AF-777D-4E9D-A9D5-88897F3A8E0F}
		{E5B719D4-0A29-4843-A26A-07D448704A4B} = {B08FA05C-A088-4A21-AD01-DE3B9BFA159F}
		{A00986C7-9D76-40C7-AAB8-8244441DB45F} = {E5B719D4-0A29-4843-A26A-07D448704A4B}
		{A78781D3-C6CC-4B2A-9D5D-ECCECD26720D} = {E5B719D4-0A29-4843-A26A-07D448704A4B}
		{B593543C-FE65-460A-86CF-79C95B8AB68D} = {E5B719D4-0A29-4843-A26A-07D448704A4B}
		{251169DB-FF9C-43C2-A3A7-E9E9BD85B415} = {E5B719D4-0A29-4843-A26A-07D448704A4B}
		{5AA94E1D-13DE-4541-905A-A63FF8C3432E} = {B08FA05C-A088-4A21-AD01-DE3B9BFA159F}
		{00A65739-8FFE-45E8-8E70-C7E5E3A09285} = {5AA94E1D-13DE-4541-905A-A63FF8C3432E}
		{C2B47C31-DDE0-4C82-BC61-89F880CAA057} = {5AA94E1D-13DE-4541-905A-A63FF8C3432E}
		{F501FD36-A2E7-4458-8B14-4E06E0F3B729} = {5AA94E1D-13DE-4541-905A-A63FF8C3432E}
		{5E8FC095-52A8-455F-81A3-46CB9A452E73} = {5AA94E1D-13DE-4541-905A-A63FF8C3432E}
		{82DF74B9-7835-45B4-A0EC-17FAAC7C7F16} = {B08FA05C-A088-4A21-AD01-DE3B9BFA159F}
		{5C70E519-AE1D-41BC-A009-1AE5368EF15F} = {82DF74B9-7835-45B4-A0EC-17FAAC7C7F16}
		{911A62E8-959D-42AB-8422-232ADA24ECC6} = {82DF74B9-7835-45B4-A0EC-17FAAC7C7F16}
		{9C51EEA8-3B8D-4D8E-81D0-A42A12A9648E} = {82DF74B9-7835-45B4-A0EC-17FAAC7C7F16}
		{6BA5FFAB-0A23-4CDF-AACF-49CA19097A83} = {82DF74B9-7835-45B4-A0EC-17FAAC7C7F16}
		{28DF9418-156A-43A8-87C2-4D1173347DB2} = {B08FA05C-A088-4A21-AD01-DE3B9BFA159F}
		{E0381433-3988-48DF-90E9-DD970BCAC9DD} = {28DF9418-156A-43A8-87C2-4D1173347DB2}
		{3AA18769-5D10-479A-976F-80EA87619554} = {28DF9418-156A-43A8-87C2-4D1173347DB2}
		{9093DD60-56FA-48D1-94B9-0F07E9184E3A} = {28DF9418-156A-43A8-87C2-4D1173347DB2}
		{9D0670AA-B96F-4A6C-8C94-6ECF12ACA901} = {28DF9418-156A-43A8-87C2-4D1173347DB2}
		{A5FA8635-5D09-4255-9A7B-CCD950DBD586} = {B08FA05C-A088-4A21-AD01-DE3B9BFA159F}
		{1C0A16C1-D6BC-471E-981B-529FF20580ED} = {A5FA8635-5D09-4255-9A7B-CCD950DBD586}
		{248E4DDE-6427-4F80-B34D-CF66BCF49A85} = {A5FA8635-5D09-4255-9A7B-CCD950DBD586}
		{AE24B877-4F58-4F23-805A-79A0D6D2AC70} = {A5FA8635-5D09-4255-9A7B-CCD950DBD586}
		{BC4F2991-7E38-47EF-B66D-9C2BE810440F} = {A5FA8635-5D09-4255-9A7B-CCD950DBD586}
		{07C3E4CA-E9ED-471D-97A7-8FEAF4F9CD96} = {B08FA05C-A088-4A21-AD01-DE3B9BFA159F}
		{50641EC4-1508-47BE-B316-11ADF03DF2E8} = {07C3E4CA-E9ED-471D-97A7-8FEAF4F9CD96}
		{AF766AB0-0DE9-4464-BEC5-64E9E3A982DE} = {07C3E4CA-E9ED-471D-97A7-8FEAF4F9CD96}
		{D31B2300-EFC0-4D63-8AA4-35142BEF7D90} = {07C3E4CA-E9ED-471D-97A7-8FEAF4F9CD96}
		{21D92765-B2CD-4C89-BD97-9BC06486F230} = {07C3E4CA-E9ED-471D-97A7-8FEAF4F9CD96}
		{26B10D3E-943A-4585-AA34-F57BEBD71606} = {B08FA05C-A088-4A21-AD01-DE3B9BFA159F}
		{031165F6-82D3-4167-8B29-39A587EC700D} = {26B10D3E-943A-4585-AA34-F57BEBD71606}
		{5D3D3489-9DB8-44AB-B26E-66E39D481496} = {26B10D3E-943A-4585-AA34-F57BEBD71606}
		{91856E22-CD47-479D-AE86-0BD22EBEF1C7} = {26B10D3E-943A-4585-AA34-F57BEBD71606}
		{2B30010D-87EC-4878-90F5-208B5F60C8D7} = {26B10D3E-943A-4585-AA34-F57BEBD71606}
		{8A648E7C-CAA4-4E08-B718-404E677403AF} = {B08FA05C-A088-4A21-AD01-DE3B9BFA159F}
		{1E2F23A9-45AB-4108-8779-01EDA451DA49} = {8A648E7C-CAA4-4E08-B718-404E677403AF}
		{BDF93EB0-751F-4006-974E-34BF9E665A64} = {8A648E7C-CAA4-4E08-B718-404E677403AF}
		{03F84791-EFA7-4791-B045-62BDB9D256B9} = {8A648E7C-CAA4-4E08-B718-404E677403AF}
		{55CFEACA-076B-4EA9-BE40-6E3D609FE4B9} = {8A648E7C-CAA4-4E08-B718-404E677403AF}
		{73AC0187-BA7E-450E-9619-70000F8FCC65} = {D743BA72-5B53-4DE5-AA8C-99D389303831}
		{E1EF076C-58FA-4628-8D66-FD676C548D66} = {73AC0187-BA7E-450E-9619-70000F8FCC65}
		{3C25052D-2515-474E-AA04-121CC0766BF8} = {73AC0187-BA7E-450E-9619-70000F8FCC65}
		{20934428-4F3D-494B-A981-0E0385A5A1F5} = {73AC0187-BA7E-450E-9619-70000F8FCC65}
	EndGlobalSection
EndGlobal
